{
  "name": "amethyst-js",
  "lockfileVersion": 2,
  "requires": true,
  "packages": {
    "": {
      "dependencies": {
        "undici": "^5.2.0",
        "ws": "^8.6.0"
      }
    },
    "node_modules/undici": {
      "version": "5.2.0",
      "resolved": "https://registry.npmjs.org/undici/-/undici-5.2.0.tgz",
      "integrity": "sha512-XY6+NS3WH9b3TKOHeNz2CjR+qrVz/k4fO9g3etPpLozRvULoQmZ1+dk9JbIz40ehn27xzFk4jYVU2MU3Nle62A==",
      "engines": {
        "node": ">=12.18"
      }
    },
    "node_modules/ws": {
      "version": "8.6.0",
      "resolved": "https://registry.npmjs.org/ws/-/ws-8.6.0.tgz",
      "integrity": "sha512-AzmM3aH3gk0aX7/rZLYvjdvZooofDu3fFOzGqcSnQ1tOcTWwhM/o+q++E8mAyVVIyUdajrkzWUGftaVSDLn1bw==",
      "engines": {
        "node": ">=10.0.0"
      },
      "peerDependencies": {
        "bufferutil": "^4.0.1",
        "utf-8-validate": "^5.0.2"
      },
      "peerDependenciesMeta": {
        "bufferutil": {
          "optional": true
        },
        "utf-8-validate": {
          "optional": true
        }
      }
    }
  },
  "dependencies": {
    "undici": {
      "version": "5.2.0",
      "resolved": "https://registry.npmjs.org/undici/-/undici-5.2.0.tgz",
      "integrity": "sha512-XY6+NS3WH9b3TKOHeNz2CjR+qrVz/k4fO9g3etPpLozRvULoQmZ1+dk9JbIz40ehn27xzFk4jYVU2MU3Nle62A=="
    },
    "ws": {
      "version": "8.6.0",
      "resolved": "https://registry.npmjs.org/ws/-/ws-8.6.0.tgz",
      "integrity": "sha512-AzmM3aH3gk0aX7/rZLYvjdvZooofDu3fFOzGqcSnQ1tOcTWwhM/o+q++E8mAyVVIyUdajrkzWUGftaVSDLn1bw==",
      "requires": {}
    }
  }
}
